
Microsoft Visual Studio Solution File, Format Version 12.00
# Visual Studio 2013
VisualStudioVersion = 12.0.21005.1
MinimumVisualStudioVersion = 10.0.40219.1
Project("{E24C65DC-7377-472B-9ABA-BC803B73C61A}") = "StudentTeacherInquireSystem", "http://localhost:4212", "{80099D9A-0533-4396-B3FF-E36FCE7040A0}"
	ProjectSection(WebsiteProperties) = preProject
		UseIISExpress = "true"
		TargetFrameworkMoniker = ".NETFramework,Version%3Dv4.5"
		Debug.AspNetCompiler.VirtualPath = "/localhost_4212"
		Debug.AspNetCompiler.PhysicalPath = "..\ASP.NET\StudentTeacherInquireSystem\"
		Debug.AspNetCompiler.TargetPath = "PrecompiledWeb\localhost_4212\"
		Debug.AspNetCompiler.Updateable = "true"
		Debug.AspNetCompiler.ForceOverwrite = "true"
		Debug.AspNetCompiler.FixedNames = "false"
		Debug.AspNetCompiler.Debug = "True"
		Release.AspNetCompiler.VirtualPath = "/localhost_4212"
		Release.AspNetCompiler.PhysicalPath = "..\ASP.NET\StudentTeacherInquireSystem\"
		Release.AspNetCompiler.TargetPath = "PrecompiledWeb\localhost_4212\"
		Release.AspNetCompiler.Updateable = "true"
		Release.AspNetCompiler.ForceOverwrite = "true"
		Release.AspNetCompiler.FixedNames = "false"
		Release.AspNetCompiler.Debug = "False"
		SlnRelativePath = "..\ASP.NET\StudentTeacherInquireSystem\"
		DefaultWebSiteLanguage = "Visual C#"
	EndProjectSection
EndProject
Global
	GlobalSection(SolutionConfigurationPlatforms) = preSolution
		Debug|Any CPU = Debug|Any CPU
		Release|Any CPU = Release|Any CPU
	EndGlobalSection
	GlobalSection(ProjectConfigurationPlatforms) = postSolution
		{80099D9A-0533-4396-B3FF-E36FCE7040A0}.Debug|Any CPU.ActiveCfg = Debug|Any CPU
		{80099D9A-0533-4396-B3FF-E36FCE7040A0}.Debug|Any CPU.Build.0 = Debug|Any CPU
		{80099D9A-0533-4396-B3FF-E36FCE7040A0}.Release|Any CPU.ActiveCfg = Debug|Any CPU
		{80099D9A-0533-4396-B3FF-E36FCE7040A0}.Release|Any CPU.Build.0 = Debug|Any CPU
	EndGlobalSection
	GlobalSection(SolutionProperties) = preSolution
		HideSolutionNode = FALSE
	EndGlobalSection
EndGlobal
